
Microsoft Visual Studio Solution File, Format Version 12.00
# Visual Studio Version 16
VisualStudioVersion = 16.0.31624.102
MinimumVisualStudioVersion = 10.0.40219.1
Project("{888888A0-9F3D-457C-B088-3A5042F75D52}") = "DNA Sequence", "DNA Sequence.pyproj", "{0402E9A9-6B8D-4D13-824B-09B002651FF6}"
EndProject
Global
	GlobalSection(SolutionConfigurationPlatforms) = preSolution
		Debug|Any CPU = Debug|Any CPU
		Release|Any CPU = Release|Any CPU
	EndGlobalSection
	GlobalSection(ProjectConfigurationPlatforms) = postSolution
		{0402E9A9-6B8D-4D13-824B-09B002651FF6}.Debug|Any CPU.ActiveCfg = Debug|Any CPU
		{0402E9A9-6B8D-4D13-824B-09B002651FF6}.Release|Any CPU.ActiveCfg = Release|Any CPU
	EndGlobalSection
	GlobalSection(SolutionProperties) = preSolution
		HideSolutionNode = FALSE
	EndGlobalSection
	GlobalSection(ExtensibilityGlobals) = postSolution
		SolutionGuid = {08552403-43DC-4508-98B7-7CA7427BC8E4}
	EndGlobalSection
EndGlobal
